// !$*UTF8*$!
{
	archiveVersion = 1;
	classes = {
	};
	objectVersion = 50;
	objects = {

/* Begin PBXBuildFile section */
		49AF708E21FB125D00E15052 /* AppDelegate.swift in Sources */ = {isa = PBXBuildFile; fileRef = 49AF708D21FB125D00E15052 /* AppDelegate.swift */; };
		49AF709021FB125D00E15052 /* ViewController.swift in Sources */ = {isa = PBXBuildFile; fileRef = 49AF708F21FB125D00E15052 /* ViewController.swift */; };
		49AF709321FB125D00E15052 /* Main.storyboard in Resources */ = {isa = PBXBuildFile; fileRef = 49AF709121FB125D00E15052 /* Main.storyboard */; };
		49AF709521FB125D00E15052 /* Assets.xcassets in Resources */ = {isa = PBXBuildFile; fileRef = 49AF709421FB125D00E15052 /* Assets.xcassets */; };
		49AF709821FB125D00E15052 /* LaunchScreen.storyboard in Resources */ = {isa = PBXBuildFile; fileRef = 49AF709621FB125D00E15052 /* LaunchScreen.storyboard */; };
		49AF70A121FB131100E15052 /* CardViewController.swift in Sources */ = {isa = PBXBuildFile; fileRef = 49AF709F21FB131100E15052 /* CardViewController.swift */; };
		49AF70A221FB131100E15052 /* CardViewController.xib in Resources */ = {isa = PBXBuildFile; fileRef = 49AF70A021FB131100E15052 /* CardViewController.xib */; };
/* End PBXBuildFile section */

/* Begin PBXFileReference section */
		49AF708A21FB125D00E15052 /* InteractiveCardView.app */ = {isa = PBXFileReference; explicitFileType = wrapper.application; includeInIndex = 0; path = InteractiveCardView.app; sourceTree = BUILT_PRODUCTS_DIR; };
		49AF708D21FB125D00E15052 /* AppDelegate.swift */ = {isa = PBXFileReference; lastKnownFileType = sourcecode.swift; path = AppDelegate.swift; sourceTree = "<group>"; };
		49AF708F21FB125D00E15052 /* ViewController.swift */ = {isa = PBXFileReference; lastKnownFileType = sourcecode.swift; path = ViewController.swift; sourceTree = "<group>"; };
		49AF709221FB125D00E15052 /* Base */ = {isa = PBXFileReference; lastKnownFileType = file.storyboard; name = Base; path = Base.lproj/Main.storyboard; sourceTree = "<group>"; };
		49AF709421FB125D00E15052 /* Assets.xcassets */ = {isa = PBXFileReference; lastKnownFileType = folder.assetcatalog; path = Assets.xcassets; sourceTree = "<group>"; };
		49AF709721FB125D00E15052 /* Base */ = {isa = PBXFileReference; lastKnownFileType = file.storyboard; name = Base; path = Base.lproj/LaunchScreen.storyboard; sourceTree = "<group>"; };
		49AF709921FB125D00E15052 /* Info.plist */ = {isa = PBXFileReference; lastKnownFileType = text.plist.xml; path = Info.plist; sourceTree = "<group>"; };
		49AF709F21FB131100E15052 /* CardViewController.swift */ = {isa = PBXFileReference; lastKnownFileType = sourcecode.swift; path = CardViewController.swift; sourceTree = "<group>"; };
		49AF70A021FB131100E15052 /* CardViewController.xib */ = {isa = PBXFileReference; lastKnownFileType = file.xib; path = CardViewController.xib; sourceTree = "<group>"; };
/* End PBXFileReference section */

/* Begin PBXFrameworksBuildPhase section */
		49AF708721FB125D00E15052 /* Frameworks */ = {
			isa = PBXFrameworksBuildPhase;
			buildActionMask = 2147483647;
			files = (
			);
			runOnlyForDeploymentPostprocessing = 0;
		};
/* End PBXFrameworksBuildPhase section */

/* Begin PBXGroup section */
		49AF708121FB125D00E15052 = {
			isa = PBXGroup;
			children = (
				49AF708C21FB125D00E15052 /* InteractiveCardView */,
				49AF708B21FB125D00E15052 /* Products */,
			);
			sourceTree = "<group>";
		};
		49AF708B21FB125D00E15052 /* Products */ = {
			isa = PBXGroup;
			children = (
				49AF708A21FB125D00E15052 /* InteractiveCardView.app */,
			);
			name = Products;
			sourceTree = "<group>";
		};
		49AF708C21FB125D00E15052 /* InteractiveCardView */ = {
			isa = PBXGroup;
			children = (
				49AF708D21FB125D00E15052 /* AppDelegate.swift */,
				49AF708F21FB125D00E15052 /* ViewController.swift */,
				49AF70A321FB131700E15052 /* CardViewController */,
				49AF709121FB125D00E15052 /* Main.storyboard */,
				49AF709421FB125D00E15052 /* Assets.xcassets */,
				49AF709621FB125D00E15052 /* LaunchScreen.storyboard */,
				49AF709921FB125D00E15052 /* Info.plist */,
			);
			path = InteractiveCardView;
			sourceTree = "<group>";
		};
		49AF70A321FB131700E15052 /* CardViewController */ = {
			isa = PBXGroup;
			children = (
				49AF709F21FB131100E15052 /* CardViewController.swift */,
				49AF70A021FB131100E15052 /* CardViewController.xib */,
			);
			path = CardViewController;
			sourceTree = "<group>";
		};
/* End PBXGroup section */

/* Begin PBXNativeTarget section */
		49AF708921FB125D00E15052 /* InteractiveCardView */ = {
			isa = PBXNativeTarget;
			buildConfigurationList = 49AF709C21FB125D00E15052 /* Build configuration list for PBXNativeTarget "InteractiveCardView" */;
			buildPhases = (
				49AF708621FB125D00E15052 /* Sources */,
				49AF708721FB125D00E15052 /* Frameworks */,
				49AF708821FB125D00E15052 /* Resources */,
			);
			buildRules = (
			);
			dependencies = (
			);
			name = InteractiveCardView;
			productName = InteractiveCardView;
			productReference = 49AF708A21FB125D00E15052 /* InteractiveCardView.app */;
			productType = "com.apple.product-type.application";
		};
/* End PBXNativeTarget section */

/* Begin PBXProject section */
		49AF708221FB125D00E15052 /* Project object */ = {
			isa = PBXProject;
			attributes = {
				LastSwiftUpdateCheck = 1010;
				LastUpgradeCheck = 1010;
				ORGANIZATIONNAME = Temabit;
				TargetAttributes = {
					49AF708921FB125D00E15052 = {
						CreatedOnToolsVersion = 10.1;
					};
				};
			};
			buildConfigurationList = 49AF708521FB125D00E15052 /* Build configuration list for PBXProject "InteractiveCardView" */;
			compatibilityVersion = "Xcode 9.3";
			developmentRegion = en;
			hasScannedForEncodings = 0;
			knownRegions = (
				en,
				Base,
			);
			mainGroup = 49AF708121FB125D00E15052;
			productRefGroup = 49AF708B21FB125D00E15052 /* Products */;
			projectDirPath = "";
			projectRoot = "";
			targets = (
				49AF708921FB125D00E15052 /* InteractiveCardView */,
			);
		};
/* End PBXProject section */

/* Begin PBXResourcesBuildPhase section */
		49AF708821FB125D00E15052 /* Resources */ = {
			isa = PBXResourcesBuildPhase;
			buildActionMask = 2147483647;
			files = (
				49AF70A221FB131100E15052 /* CardViewController.xib in Resources */,
				49AF709821FB125D00E15052 /* LaunchScreen.storyboard in Resources */,
				49AF709521FB125D00E15052 /* Assets.xcassets in Resources */,
				49AF709321FB125D00E15052 /* Main.storyboard in Resources */,
			);
			runOnlyForDeploymentPostprocessing = 0;
		};
/* End PBXResourcesBuildPhase section */

/* Begin PBXSourcesBuildPhase section */
		49AF708621FB125D00E15052 /* Sources */ = {
			isa = PBXSourcesBuildPhase;
			buildActionMask = 2147483647;
			files = (
				49AF709021FB125D00E15052 /* ViewController.swift in Sources */,
				49AF708E21FB125D00E15052 /* AppDelegate.swift in Sources */,
				49AF70A121FB131100E15052 /* CardViewController.swift in Sources */,
			);
			runOnlyForDeploymentPostprocessing = 0;
		};
/* End PBXSourcesBuildPhase section */

/* Begin PBXVariantGroup section */
		49AF709121FB125D00E15052 /* Main.storyboard */ = {
			isa = PBXVariantGroup;
			children = (
				49AF709221FB125D00E15052 /* Base */,
			);
			name = Main.storyboard;
			sourceTree = "<group>";
		};
		49AF709621FB125D00E15052 /* LaunchScreen.storyboard */ = {
			isa = PBXVariantGroup;
			children = (
				49AF709721FB125D00E15052 /* Base */,
			);
			name = LaunchScreen.storyboard;
			sourceTree = "<group>";
		};
/* End PBXVariantGroup section */

/* Begin XCBuildConfiguration section */
		49AF709A21FB125D00E15052 /* Debug */ = {
			isa = XCBuildConfiguration;
			buildSettings = {
				ALWAYS_SEARCH_USER_PATHS = NO;
				CLANG_ANALYZER_NONNULL = YES;
				CLANG_ANALYZER_NUMBER_OBJECT_CONVERSION = YES_AGGRESSIVE;
				CLANG_CXX_LANGUAGE_STANDARD = "gnu++14";
				CLANG_CXX_LIBRARY = "libc++";
				CLANG_ENABLE_MODULES = YES;
				CLANG_ENABLE_OBJC_ARC = YES;
				CLANG_ENABLE_OBJC_WEAK = YES;
				CLANG_WARN_BLOCK_CAPTURE_AUTORELEASING = YES;
				CLANG_WARN_BOOL_CONVERSION = YES;
				CLANG_WARN_COMMA = YES;
				CLANG_WARN_CONSTANT_CONVERSION = YES;
				CLANG_WARN_DEPRECATED_OBJC_IMPLEMENTATIONS = YES;
				CLANG_WARN_DIRECT_OBJC_ISA_USAGE = YES_ERROR;
				CLANG_WARN_DOCUMENTATION_COMMENTS = YES;
				CLANG_WARN_EMPTY_BODY = YES;
				CLANG_WARN_ENUM_CONVERSION = YES;
				CLANG_WARN_INFINITE_RECURSION = YES;
				CLANG_WARN_INT_CONVERSION = YES;
				CLANG_WARN_NON_LITERAL_NULL_CONVERSION = YES;
				CLANG_WARN_OBJC_IMPLICIT_RETAIN_SELF = YES;
				CLANG_WARN_OBJC_LITERAL_CONVERSION = YES;
				CLANG_WARN_OBJC_ROOT_CLASS = YES_ERROR;
				CLANG_WARN_RANGE_LOOP_ANALYSIS = YES;
				CLANG_WARN_STRICT_PROTOTYPES = YES;
				CLANG_WARN_SUSPICIOUS_MOVE = YES;
				CLANG_WARN_UNGUARDED_AVAILABILITY = YES_AGGRESSIVE;
				CLANG_WARN_UNREACHABLE_CODE = YES;
				CLANG_WARN__DUPLICATE_METHOD_MATCH = YES;
				CODE_SIGN_IDENTITY = "iPhone Developer";
				COPY_PHASE_STRIP = NO;
				DEBUG_INFORMATION_FORMAT = dwarf;
				ENABLE_STRICT_OBJC_MSGSEND = YES;
				ENABLE_TESTABILITY = YES;
				GCC_C_LANGUAGE_STANDARD = gnu11;
				GCC_DYNAMIC_NO_PIC = NO;
				GCC_NO_COMMON_BLOCKS = YES;
				GCC_OPTIMIZATION_LEVEL = 0;
				GCC_PREPROCESSOR_DEFINITIONS = (
					"DEBUG=1",
					"$(inherited)",
				);
				GCC_WARN_64_TO_32_BIT_CONVERSION = YES;
				GCC_WARN_ABOUT_RETURN_TYPE = YES_ERROR;
				GCC_WARN_UNDECLARED_SELECTOR = YES;
				GCC_WARN_UNINITIALIZED_AUTOS = YES_AGGRESSIVE;
				GCC_WARN_UNUSED_FUNCTION = YES;
				GCC_WARN_UNUSED_VARIABLE = YES;
				IPHONEOS_DEPLOYMENT_TARGET = 12.1;
				MTL_ENABLE_DEBUG_INFO = INCLUDE_SOURCE;
				MTL_FAST_MATH = YES;
				ONLY_ACTIVE_ARCH = YES;
				SDKROOT = iphoneos;
				SWIFT_ACTIVE_COMPILATION_CONDITIONS = DEBUG;
				SWIFT_OPTIMIZATION_LEVEL = "-Onone";
			};
			name = Debug;
		};
		49AF709B21FB125D00E15052 /* Release */ = {
			isa = XCBuildConfiguration;
			buildSettings = {
				ALWAYS_SEARCH_USER_PATHS = NO;
				CLANG_ANALYZER_NONNULL = YES;
				CLANG_ANALYZER_NUMBER_OBJECT_CONVERSION = YES_AGGRESSIVE;
				CLANG_CXX_LANGUAGE_STANDARD = "gnu++14";
				CLANG_CXX_LIBRARY = "libc++";
				CLANG_ENABLE_MODULES = YES;
				CLANG_ENABLE_OBJC_ARC = YES;
				CLANG_ENABLE_OBJC_WEAK = YES;
				CLANG_WARN_BLOCK_CAPTURE_AUTORELEASING = YES;
				CLANG_WARN_BOOL_CONVERSION = YES;
				CLANG_WARN_COMMA = YES;
				CLANG_WARN_CONSTANT_CONVERSION = YES;
				CLANG_WARN_DEPRECATED_OBJC_IMPLEMENTATIONS = YES;
				CLANG_WARN_DIRECT_OBJC_ISA_USAGE = YES_ERROR;
				CLANG_WARN_DOCUMENTATION_COMMENTS = YES;
				CLANG_WARN_EMPTY_BODY = YES;
				CLANG_WARN_ENUM_CONVERSION = YES;
				CLANG_WARN_INFINITE_RECURSION = YES;
				CLANG_WARN_INT_CONVERSION = YES;
				CLANG_WARN_NON_LITERAL_NULL_CONVERSION = YES;
				CLANG_WARN_OBJC_IMPLICIT_RETAIN_SELF = YES;
				CLANG_WARN_OBJC_LITERAL_CONVERSION = YES;
				CLANG_WARN_OBJC_ROOT_CLASS = YES_ERROR;
				CLANG_WARN_RANGE_LOOP_ANALYSIS = YES;
				CLANG_WARN_STRICT_PROTOTYPES = YES;
				CLANG_WARN_SUSPICIOUS_MOVE = YES;
				CLANG_WARN_UNGUARDED_AVAILABILITY = YES_AGGRESSIVE;
				CLANG_WARN_UNREACHABLE_CODE = YES;
				CLANG_WARN__DUPLICATE_METHOD_MATCH = YES;
				CODE_SIGN_IDENTITY = "iPhone Developer";
				COPY_PHASE_STRIP = NO;
				DEBUG_INFORMATION_FORMAT = "dwarf-with-dsym";
				ENABLE_NS_ASSERTIONS = NO;
				ENABLE_STRICT_OBJC_MSGSEND = YES;
				GCC_C_LANGUAGE_STANDARD = gnu11;
				GCC_NO_COMMON_BLOCKS = YES;
				GCC_WARN_64_TO_32_BIT_CONVERSION = YES;
				GCC_WARN_ABOUT_RETURN_TYPE = YES_ERROR;
				GCC_WARN_UNDECLARED_SELECTOR = YES;
				GCC_WARN_UNINITIALIZED_AUTOS = YES_AGGRESSIVE;
				GCC_WARN_UNUSED_FUNCTION = YES;
				GCC_WARN_UNUSED_VARIABLE = YES;
				IPHONEOS_DEPLOYMENT_TARGET = 12.1;
				MTL_ENABLE_DEBUG_INFO = NO;
				MTL_FAST_MATH = YES;
				SDKROOT = iphoneos;
				SWIFT_COMPILATION_MODE = wholemodule;
				SWIFT_OPTIMIZATION_LEVEL = "-O";
				VALIDATE_PRODUCT = YES;
			};
			name = Release;
		};
		49AF709D21FB125D00E15052 /* Debug */ = {
			isa = XCBuildConfiguration;
			buildSettings = {
				ASSETCATALOG_COMPILER_APPICON_NAME = AppIcon;
				CODE_SIGN_STYLE = Automatic;
				DEVELOPMENT_TEAM = 9S5CXDQ7DK;
				INFOPLIST_FILE = InteractiveCardView/Info.plist;
				LD_RUNPATH_SEARCH_PATHS = (
					"$(inherited)",
					"@executable_path/Frameworks",
				);
				PRODUCT_BUNDLE_IDENTIFIER = om.temabit.InteractiveCardView;
				PRODUCT_NAME = "$(TARGET_NAME)";
				SWIFT_VERSION = 4.2;
				TARGETED_DEVICE_FAMILY = "1,2";
			};
			name = Debug;
		};
		49AF709E21FB125D00E15052 /* Release */ = {
			isa = XCBuildConfiguration;
			buildSettings = {
				ASSETCATALOG_COMPILER_APPICON_NAME = AppIcon;
				CODE_SIGN_STYLE = Automatic;
				DEVELOPMENT_TEAM = 9S5CXDQ7DK;
				INFOPLIST_FILE = InteractiveCardView/Info.plist;
				LD_RUNPATH_SEARCH_PATHS = (
					"$(inherited)",
					"@executable_path/Frameworks",
				);
				PRODUCT_BUNDLE_IDENTIFIER = om.temabit.InteractiveCardView;
				PRODUCT_NAME = "$(TARGET_NAME)";
				SWIFT_VERSION = 4.2;
				TARGETED_DEVICE_FAMILY = "1,2";
			};
			name = Release;
		};
/* End XCBuildConfiguration section */

/* Begin XCConfigurationList section */
		49AF708521FB125D00E15052 /* Build configuration list for PBXProject "InteractiveCardView" */ = {
			isa = XCConfigurationList;
			buildConfigurations = (
				49AF709A21FB125D00E15052 /* Debug */,
				49AF709B21FB125D00E15052 /* Release */,
			);
			defaultConfigurationIsVisible = 0;
			defaultConfigurationName = Release;
		};
		49AF709C21FB125D00E15052 /* Build configuration list for PBXNativeTarget "InteractiveCardView" */ = {
			isa = XCConfigurationList;
			buildConfigurations = (
				49AF709D21FB125D00E15052 /* Debug */,
				49AF709E21FB125D00E15052 /* Release */,
			);
			defaultConfigurationIsVisible = 0;
			defaultConfigurationName = Release;
		};
/* End XCConfigurationList section */
	};
	rootObject = 49AF708221FB125D00E15052 /* Project object */;
}
